
Microsoft Visual Studio Solution File, Format Version 12.00
# Visual Studio 15
VisualStudioVersion = 15.0.27130.2036
MinimumVisualStudioVersion = 10.0.40219.1
Project("{888888A0-9F3D-457C-B088-3A5042F75D52}") = "OOP-hw", "OOP-hw\OOP-hw.pyproj", "{08DF6932-432E-4B12-B7FF-718C61DB2B45}"
EndProject
Global
	GlobalSection(SolutionConfigurationPlatforms) = preSolution
		Debug|Any CPU = Debug|Any CPU
		Release|Any CPU = Release|Any CPU
	EndGlobalSection
	GlobalSection(ProjectConfigurationPlatforms) = postSolution
		{08DF6932-432E-4B12-B7FF-718C61DB2B45}.Debug|Any CPU.ActiveCfg = Debug|Any CPU
		{08DF6932-432E-4B12-B7FF-718C61DB2B45}.Release|Any CPU.ActiveCfg = Release|Any CPU
	EndGlobalSection
	GlobalSection(SolutionProperties) = preSolution
		HideSolutionNode = FALSE
	EndGlobalSection
	GlobalSection(ExtensibilityGlobals) = postSolution
		SolutionGuid = {C9446BB4-DEEE-496B-8AED-863FC89BC689}
	EndGlobalSection
EndGlobal
